
Microsoft Visual Studio Solution File, Format Version 12.00
# Visual Studio 15
VisualStudioVersion = 15.0.26730.12
MinimumVisualStudioVersion = 10.0.40219.1
Project("{FAE04EC0-301F-11D3-BF4B-00C04F79EFBC}") = "CorridaVirtual.Web", "CorridaVirtual.Web\CorridaVirtual.Web.csproj", "{A0D411DB-FA02-4368-A4CB-B57B115FDFDD}"
EndProject
Global
	GlobalSection(SolutionConfigurationPlatforms) = preSolution
		Debug|Any CPU = Debug|Any CPU
		Release|Any CPU = Release|Any CPU
	EndGlobalSection
	GlobalSection(ProjectConfigurationPlatforms) = postSolution
		{A0D411DB-FA02-4368-A4CB-B57B115FDFDD}.Debug|Any CPU.ActiveCfg = Debug|Any CPU
		{A0D411DB-FA02-4368-A4CB-B57B115FDFDD}.Debug|Any CPU.Build.0 = Debug|Any CPU
		{A0D411DB-FA02-4368-A4CB-B57B115FDFDD}.Release|Any CPU.ActiveCfg = Release|Any CPU
		{A0D411DB-FA02-4368-A4CB-B57B115FDFDD}.Release|Any CPU.Build.0 = Release|Any CPU
	EndGlobalSection
	GlobalSection(SolutionProperties) = preSolution
		HideSolutionNode = FALSE
	EndGlobalSection
	GlobalSection(ExtensibilityGlobals) = postSolution
		SolutionGuid = {2ACE8261-42A9-4BEA-B7FA-289516A0986B}
	EndGlobalSection
EndGlobal
